// !$*UTF8*$!
{
	archiveVersion = 1;
	classes = {
	};
	objectVersion = 56;
	objects = {

/* Begin PBXBuildFile section */
		EE8A73962C2E67C40093D4BB /* View+MyUserFriendlyError.swift in Sources */ = {isa = PBXBuildFile; fileRef = EE8A73952C2E67C40093D4BB /* View+MyUserFriendlyError.swift */; };
		EE96132A2C2C08EF00CF3A1E /* Assets.xcassets in Resources */ = {isa = PBXBuildFile; fileRef = EE9613292C2C08EF00CF3A1E /* Assets.xcassets */; };
		EE96132D2C2C08EF00CF3A1E /* Preview Assets.xcassets in Resources */ = {isa = PBXBuildFile; fileRef = EE96132C2C2C08EF00CF3A1E /* Preview Assets.xcassets */; };
		EE9613362C2C090800CF3A1E /* CatImageView.swift in Sources */ = {isa = PBXBuildFile; fileRef = EE9613332C2C090800CF3A1E /* CatImageView.swift */; };
		EE9613372C2C090800CF3A1E /* CatImageViewModel.swift in Sources */ = {isa = PBXBuildFile; fileRef = EE9613342C2C090800CF3A1E /* CatImageViewModel.swift */; };
		EE96133C2C2C092000CF3A1E /* CatImagesScreen.swift in Sources */ = {isa = PBXBuildFile; fileRef = EE9613382C2C092000CF3A1E /* CatImagesScreen.swift */; };
		EE96133D2C2C092000CF3A1E /* FavoriteScreen.swift in Sources */ = {isa = PBXBuildFile; fileRef = EE9613392C2C092000CF3A1E /* FavoriteScreen.swift */; };
		EE96133E2C2C092000CF3A1E /* HomeScreen.swift in Sources */ = {isa = PBXBuildFile; fileRef = EE96133A2C2C092000CF3A1E /* HomeScreen.swift */; };
		EE9613402C2C092A00CF3A1E /* AppEntry.swift in Sources */ = {isa = PBXBuildFile; fileRef = EE96133F2C2C092A00CF3A1E /* AppEntry.swift */; };
		EE9613492C2C0A1100CF3A1E /* Decoding+.swift in Sources */ = {isa = PBXBuildFile; fileRef = EE9613432C2C0A1100CF3A1E /* Decoding+.swift */; };
		EE96134A2C2C0A1100CF3A1E /* Operator+.swift in Sources */ = {isa = PBXBuildFile; fileRef = EE9613442C2C0A1100CF3A1E /* Operator+.swift */; };
		EE96134B2C2C0A1100CF3A1E /* URL+.swift in Sources */ = {isa = PBXBuildFile; fileRef = EE9613452C2C0A1100CF3A1E /* URL+.swift */; };
		EE96134C2C2C0A1100CF3A1E /* URLCache+.swift in Sources */ = {isa = PBXBuildFile; fileRef = EE9613462C2C0A1100CF3A1E /* URLCache+.swift */; };
		EE96134D2C2C0A1100CF3A1E /* URLSession+.swift in Sources */ = {isa = PBXBuildFile; fileRef = EE9613472C2C0A1100CF3A1E /* URLSession+.swift */; };
		EE9613512C2C113100CF3A1E /* CatAPIManager.swift in Sources */ = {isa = PBXBuildFile; fileRef = EE9613502C2C113100CF3A1E /* CatAPIManager.swift */; };
		EEC4AE382C2EB49E002E1F5D /* View+Preview.swift in Sources */ = {isa = PBXBuildFile; fileRef = EEC4AE372C2EB49E002E1F5D /* View+Preview.swift */; };
		EEC518012C2CF3DA009CC5EC /* NetworkManagerPracticeTests.swift in Sources */ = {isa = PBXBuildFile; fileRef = EEC518002C2CF3DA009CC5EC /* NetworkManagerPracticeTests.swift */; };
		EEC518092C2CFECE009CC5EC /* CatAPIManager+Env.swift in Sources */ = {isa = PBXBuildFile; fileRef = EEC518082C2CFECE009CC5EC /* CatAPIManager+Env.swift */; };
		EEC5180B2C2D0CEC009CC5EC /* MySecret.swift in Sources */ = {isa = PBXBuildFile; fileRef = EEC5180A2C2D0CEC009CC5EC /* MySecret.swift */; };
		EEC5180D2C2D16B1009CC5EC /* CatAPIManager+Stub.swift in Sources */ = {isa = PBXBuildFile; fileRef = EEC5180C2C2D16B1009CC5EC /* CatAPIManager+Stub.swift */; };
		EEC518102C2D6278009CC5EC /* FavoriteItem.swift in Sources */ = {isa = PBXBuildFile; fileRef = EEC5180F2C2D6278009CC5EC /* FavoriteItem.swift */; };
/* End PBXBuildFile section */

/* Begin PBXContainerItemProxy section */
		EEC518022C2CF3DA009CC5EC /* PBXContainerItemProxy */ = {
			isa = PBXContainerItemProxy;
			containerPortal = EE96131A2C2C08EE00CF3A1E /* Project object */;
			proxyType = 1;
			remoteGlobalIDString = EE9613212C2C08EE00CF3A1E;
			remoteInfo = NetworkManagerPractice;
		};
/* End PBXContainerItemProxy section */

/* Begin PBXFileReference section */
		EE8A73952C2E67C40093D4BB /* View+MyUserFriendlyError.swift */ = {isa = PBXFileReference; lastKnownFileType = sourcecode.swift; path = "View+MyUserFriendlyError.swift"; sourceTree = "<group>"; };
		EE9613222C2C08EE00CF3A1E /* NetworkManagerPractice.app */ = {isa = PBXFileReference; explicitFileType = wrapper.application; includeInIndex = 0; path = NetworkManagerPractice.app; sourceTree = BUILT_PRODUCTS_DIR; };
		EE9613292C2C08EF00CF3A1E /* Assets.xcassets */ = {isa = PBXFileReference; lastKnownFileType = folder.assetcatalog; path = Assets.xcassets; sourceTree = "<group>"; };
		EE96132C2C2C08EF00CF3A1E /* Preview Assets.xcassets */ = {isa = PBXFileReference; lastKnownFileType = folder.assetcatalog; path = "Preview Assets.xcassets"; sourceTree = "<group>"; };
		EE9613332C2C090800CF3A1E /* CatImageView.swift */ = {isa = PBXFileReference; fileEncoding = 4; lastKnownFileType = sourcecode.swift; path = CatImageView.swift; sourceTree = "<group>"; };
		EE9613342C2C090800CF3A1E /* CatImageViewModel.swift */ = {isa = PBXFileReference; fileEncoding = 4; lastKnownFileType = sourcecode.swift; path = CatImageViewModel.swift; sourceTree = "<group>"; };
		EE9613382C2C092000CF3A1E /* CatImagesScreen.swift */ = {isa = PBXFileReference; fileEncoding = 4; lastKnownFileType = sourcecode.swift; path = CatImagesScreen.swift; sourceTree = "<group>"; };
		EE9613392C2C092000CF3A1E /* FavoriteScreen.swift */ = {isa = PBXFileReference; fileEncoding = 4; lastKnownFileType = sourcecode.swift; path = FavoriteScreen.swift; sourceTree = "<group>"; };
		EE96133A2C2C092000CF3A1E /* HomeScreen.swift */ = {isa = PBXFileReference; fileEncoding = 4; lastKnownFileType = sourcecode.swift; path = HomeScreen.swift; sourceTree = "<group>"; };
		EE96133F2C2C092A00CF3A1E /* AppEntry.swift */ = {isa = PBXFileReference; fileEncoding = 4; lastKnownFileType = sourcecode.swift; name = AppEntry.swift; path = "../../../SwiftUIBeginnerCourse/Chapter 6/605/AppEntry.swift"; sourceTree = "<group>"; };
		EE9613432C2C0A1100CF3A1E /* Decoding+.swift */ = {isa = PBXFileReference; fileEncoding = 4; lastKnownFileType = sourcecode.swift; path = "Decoding+.swift"; sourceTree = "<group>"; };
		EE9613442C2C0A1100CF3A1E /* Operator+.swift */ = {isa = PBXFileReference; fileEncoding = 4; lastKnownFileType = sourcecode.swift; path = "Operator+.swift"; sourceTree = "<group>"; };
		EE9613452C2C0A1100CF3A1E /* URL+.swift */ = {isa = PBXFileReference; fileEncoding = 4; lastKnownFileType = sourcecode.swift; path = "URL+.swift"; sourceTree = "<group>"; };
		EE9613462C2C0A1100CF3A1E /* URLCache+.swift */ = {isa = PBXFileReference; fileEncoding = 4; lastKnownFileType = sourcecode.swift; path = "URLCache+.swift"; sourceTree = "<group>"; };
		EE9613472C2C0A1100CF3A1E /* URLSession+.swift */ = {isa = PBXFileReference; fileEncoding = 4; lastKnownFileType = sourcecode.swift; path = "URLSession+.swift"; sourceTree = "<group>"; };
		EE9613502C2C113100CF3A1E /* CatAPIManager.swift */ = {isa = PBXFileReference; lastKnownFileType = sourcecode.swift; path = CatAPIManager.swift; sourceTree = "<group>"; };
		EEC4AE372C2EB49E002E1F5D /* View+Preview.swift */ = {isa = PBXFileReference; lastKnownFileType = sourcecode.swift; path = "View+Preview.swift"; sourceTree = "<group>"; };
		EEC517FE2C2CF3DA009CC5EC /* NetworkManagerPracticeTests.xctest */ = {isa = PBXFileReference; explicitFileType = wrapper.cfbundle; includeInIndex = 0; path = NetworkManagerPracticeTests.xctest; sourceTree = BUILT_PRODUCTS_DIR; };
		EEC518002C2CF3DA009CC5EC /* NetworkManagerPracticeTests.swift */ = {isa = PBXFileReference; lastKnownFileType = sourcecode.swift; path = NetworkManagerPracticeTests.swift; sourceTree = "<group>"; };
		EEC518082C2CFECE009CC5EC /* CatAPIManager+Env.swift */ = {isa = PBXFileReference; lastKnownFileType = sourcecode.swift; path = "CatAPIManager+Env.swift"; sourceTree = "<group>"; };
		EEC5180A2C2D0CEC009CC5EC /* MySecret.swift */ = {isa = PBXFileReference; lastKnownFileType = sourcecode.swift; path = MySecret.swift; sourceTree = "<group>"; };
		EEC5180C2C2D16B1009CC5EC /* CatAPIManager+Stub.swift */ = {isa = PBXFileReference; lastKnownFileType = sourcecode.swift; path = "CatAPIManager+Stub.swift"; sourceTree = "<group>"; };
		EEC5180F2C2D6278009CC5EC /* FavoriteItem.swift */ = {isa = PBXFileReference; lastKnownFileType = sourcecode.swift; path = FavoriteItem.swift; sourceTree = "<group>"; };
/* End PBXFileReference section */

/* Begin PBXFrameworksBuildPhase section */
		EE96131F2C2C08EE00CF3A1E /* Frameworks */ = {
			isa = PBXFrameworksBuildPhase;
			buildActionMask = 2147483647;
			files = (
			);
			runOnlyForDeploymentPostprocessing = 0;
		};
		EEC517FB2C2CF3DA009CC5EC /* Frameworks */ = {
			isa = PBXFrameworksBuildPhase;
			buildActionMask = 2147483647;
			files = (
			);
			runOnlyForDeploymentPostprocessing = 0;
		};
/* End PBXFrameworksBuildPhase section */

/* Begin PBXGroup section */
		EE9613192C2C08EE00CF3A1E = {
			isa = PBXGroup;
			children = (
				EE9613242C2C08EE00CF3A1E /* NetworkManagerPractice */,
				EEC517FF2C2CF3DA009CC5EC /* NetworkManagerPracticeTests */,
				EE9613232C2C08EE00CF3A1E /* Products */,
			);
			sourceTree = "<group>";
		};
		EE9613232C2C08EE00CF3A1E /* Products */ = {
			isa = PBXGroup;
			children = (
				EE9613222C2C08EE00CF3A1E /* NetworkManagerPractice.app */,
				EEC517FE2C2CF3DA009CC5EC /* NetworkManagerPracticeTests.xctest */,
			);
			name = Products;
			sourceTree = "<group>";
		};
		EE9613242C2C08EE00CF3A1E /* NetworkManagerPractice */ = {
			isa = PBXGroup;
			children = (
				EEC5180E2C2D623C009CC5EC /* Model */,
				EEC518072C2CFE9A009CC5EC /* CatAPIManager */,
				EE96133F2C2C092A00CF3A1E /* AppEntry.swift */,
				EE96133B2C2C092000CF3A1E /* Screen */,
				EE9613352C2C090800CF3A1E /* View */,
				EE9613482C2C0A1100CF3A1E /* Extension */,
				EE9613292C2C08EF00CF3A1E /* Assets.xcassets */,
				EE96132B2C2C08EF00CF3A1E /* Preview Content */,
				EEC5180A2C2D0CEC009CC5EC /* MySecret.swift */,
			);
			path = NetworkManagerPractice;
			sourceTree = "<group>";
		};
		EE96132B2C2C08EF00CF3A1E /* Preview Content */ = {
			isa = PBXGroup;
			children = (
				EE96132C2C2C08EF00CF3A1E /* Preview Assets.xcassets */,
			);
			path = "Preview Content";
			sourceTree = "<group>";
		};
		EE9613352C2C090800CF3A1E /* View */ = {
			isa = PBXGroup;
			children = (
				EE9613332C2C090800CF3A1E /* CatImageView.swift */,
				EE9613342C2C090800CF3A1E /* CatImageViewModel.swift */,
			);
			name = View;
			path = "../../../SwiftUIBeginnerCourse/Chapter 6/605/View";
			sourceTree = "<group>";
		};
		EE96133B2C2C092000CF3A1E /* Screen */ = {
			isa = PBXGroup;
			children = (
				EE9613382C2C092000CF3A1E /* CatImagesScreen.swift */,
				EE9613392C2C092000CF3A1E /* FavoriteScreen.swift */,
				EE96133A2C2C092000CF3A1E /* HomeScreen.swift */,
			);
			name = Screen;
			path = "../../../SwiftUIBeginnerCourse/Chapter 6/605/Screen";
			sourceTree = "<group>";
		};
		EE9613482C2C0A1100CF3A1E /* Extension */ = {
			isa = PBXGroup;
			children = (
				EE9613432C2C0A1100CF3A1E /* Decoding+.swift */,
				EE9613442C2C0A1100CF3A1E /* Operator+.swift */,
				EE9613452C2C0A1100CF3A1E /* URL+.swift */,
				EE9613462C2C0A1100CF3A1E /* URLCache+.swift */,
				EE9613472C2C0A1100CF3A1E /* URLSession+.swift */,
				EE8A73952C2E67C40093D4BB /* View+MyUserFriendlyError.swift */,
				EEC4AE372C2EB49E002E1F5D /* View+Preview.swift */,
			);
			name = Extension;
			path = "../../../SwiftUIBeginnerCourse/Chapter 6/605/Extension";
			sourceTree = "<group>";
		};
		EEC517FF2C2CF3DA009CC5EC /* NetworkManagerPracticeTests */ = {
			isa = PBXGroup;
			children = (
				EEC518002C2CF3DA009CC5EC /* NetworkManagerPracticeTests.swift */,
			);
			path = NetworkManagerPracticeTests;
			sourceTree = "<group>";
		};
		EEC518072C2CFE9A009CC5EC /* CatAPIManager */ = {
			isa = PBXGroup;
			children = (
				EE9613502C2C113100CF3A1E /* CatAPIManager.swift */,
				EEC518082C2CFECE009CC5EC /* CatAPIManager+Env.swift */,
				EEC5180C2C2D16B1009CC5EC /* CatAPIManager+Stub.swift */,
			);
			path = CatAPIManager;
			sourceTree = "<group>";
		};
		EEC5180E2C2D623C009CC5EC /* Model */ = {
			isa = PBXGroup;
			children = (
				EEC5180F2C2D6278009CC5EC /* FavoriteItem.swift */,
			);
			path = Model;
			sourceTree = "<group>";
		};
/* End PBXGroup section */

/* Begin PBXNativeTarget section */
		EE9613212C2C08EE00CF3A1E /* NetworkManagerPractice */ = {
			isa = PBXNativeTarget;
			buildConfigurationList = EE9613302C2C08EF00CF3A1E /* Build configuration list for PBXNativeTarget "NetworkManagerPractice" */;
			buildPhases = (
				EE96131E2C2C08EE00CF3A1E /* Sources */,
				EE96131F2C2C08EE00CF3A1E /* Frameworks */,
				EE9613202C2C08EE00CF3A1E /* Resources */,
			);
			buildRules = (
			);
			dependencies = (
			);
			name = NetworkManagerPractice;
			productName = NetworkManagerPractice;
			productReference = EE9613222C2C08EE00CF3A1E /* NetworkManagerPractice.app */;
			productType = "com.apple.product-type.application";
		};
		EEC517FD2C2CF3DA009CC5EC /* NetworkManagerPracticeTests */ = {
			isa = PBXNativeTarget;
			buildConfigurationList = EEC518062C2CF3DA009CC5EC /* Build configuration list for PBXNativeTarget "NetworkManagerPracticeTests" */;
			buildPhases = (
				EEC517FA2C2CF3DA009CC5EC /* Sources */,
				EEC517FB2C2CF3DA009CC5EC /* Frameworks */,
				EEC517FC2C2CF3DA009CC5EC /* Resources */,
			);
			buildRules = (
			);
			dependencies = (
				EEC518032C2CF3DA009CC5EC /* PBXTargetDependency */,
			);
			name = NetworkManagerPracticeTests;
			productName = NetworkManagerPracticeTests;
			productReference = EEC517FE2C2CF3DA009CC5EC /* NetworkManagerPracticeTests.xctest */;
			productType = "com.apple.product-type.bundle.unit-test";
		};
/* End PBXNativeTarget section */

/* Begin PBXProject section */
		EE96131A2C2C08EE00CF3A1E /* Project object */ = {
			isa = PBXProject;
			attributes = {
				BuildIndependentTargetsInParallel = 1;
				LastSwiftUpdateCheck = 1540;
				LastUpgradeCheck = 1540;
				TargetAttributes = {
					EE9613212C2C08EE00CF3A1E = {
						CreatedOnToolsVersion = 15.4;
					};
					EEC517FD2C2CF3DA009CC5EC = {
						CreatedOnToolsVersion = 15.4;
						TestTargetID = EE9613212C2C08EE00CF3A1E;
					};
				};
			};
			buildConfigurationList = EE96131D2C2C08EE00CF3A1E /* Build configuration list for PBXProject "NetworkManagerPractice" */;
			compatibilityVersion = "Xcode 14.0";
			developmentRegion = en;
			hasScannedForEncodings = 0;
			knownRegions = (
				en,
				Base,
			);
			mainGroup = EE9613192C2C08EE00CF3A1E;
			productRefGroup = EE9613232C2C08EE00CF3A1E /* Products */;
			projectDirPath = "";
			projectRoot = "";
			targets = (
				EE9613212C2C08EE00CF3A1E /* NetworkManagerPractice */,
				EEC517FD2C2CF3DA009CC5EC /* NetworkManagerPracticeTests */,
			);
		};
/* End PBXProject section */

/* Begin PBXResourcesBuildPhase section */
		EE9613202C2C08EE00CF3A1E /* Resources */ = {
			isa = PBXResourcesBuildPhase;
			buildActionMask = 2147483647;
			files = (
				EE96132D2C2C08EF00CF3A1E /* Preview Assets.xcassets in Resources */,
				EE96132A2C2C08EF00CF3A1E /* Assets.xcassets in Resources */,
			);
			runOnlyForDeploymentPostprocessing = 0;
		};
		EEC517FC2C2CF3DA009CC5EC /* Resources */ = {
			isa = PBXResourcesBuildPhase;
			buildActionMask = 2147483647;
			files = (
			);
			runOnlyForDeploymentPostprocessing = 0;
		};
/* End PBXResourcesBuildPhase section */

/* Begin PBXSourcesBuildPhase section */
		EE96131E2C2C08EE00CF3A1E /* Sources */ = {
			isa = PBXSourcesBuildPhase;
			buildActionMask = 2147483647;
			files = (
				EE9613492C2C0A1100CF3A1E /* Decoding+.swift in Sources */,
				EE96134B2C2C0A1100CF3A1E /* URL+.swift in Sources */,
				EE96134A2C2C0A1100CF3A1E /* Operator+.swift in Sources */,
				EE9613512C2C113100CF3A1E /* CatAPIManager.swift in Sources */,
				EEC518092C2CFECE009CC5EC /* CatAPIManager+Env.swift in Sources */,
				EE9613372C2C090800CF3A1E /* CatImageViewModel.swift in Sources */,
				EE96134C2C2C0A1100CF3A1E /* URLCache+.swift in Sources */,
				EE8A73962C2E67C40093D4BB /* View+MyUserFriendlyError.swift in Sources */,
				EE96133E2C2C092000CF3A1E /* HomeScreen.swift in Sources */,
				EEC5180D2C2D16B1009CC5EC /* CatAPIManager+Stub.swift in Sources */,
				EE9613402C2C092A00CF3A1E /* AppEntry.swift in Sources */,
				EEC4AE382C2EB49E002E1F5D /* View+Preview.swift in Sources */,
				EE96133D2C2C092000CF3A1E /* FavoriteScreen.swift in Sources */,
				EE96134D2C2C0A1100CF3A1E /* URLSession+.swift in Sources */,
				EEC518102C2D6278009CC5EC /* FavoriteItem.swift in Sources */,
				EEC5180B2C2D0CEC009CC5EC /* MySecret.swift in Sources */,
				EE96133C2C2C092000CF3A1E /* CatImagesScreen.swift in Sources */,
				EE9613362C2C090800CF3A1E /* CatImageView.swift in Sources */,
			);
			runOnlyForDeploymentPostprocessing = 0;
		};
		EEC517FA2C2CF3DA009CC5EC /* Sources */ = {
			isa = PBXSourcesBuildPhase;
			buildActionMask = 2147483647;
			files = (
				EEC518012C2CF3DA009CC5EC /* NetworkManagerPracticeTests.swift in Sources */,
			);
			runOnlyForDeploymentPostprocessing = 0;
		};
/* End PBXSourcesBuildPhase section */

/* Begin PBXTargetDependency section */
		EEC518032C2CF3DA009CC5EC /* PBXTargetDependency */ = {
			isa = PBXTargetDependency;
			target = EE9613212C2C08EE00CF3A1E /* NetworkManagerPractice */;
			targetProxy = EEC518022C2CF3DA009CC5EC /* PBXContainerItemProxy */;
		};
/* End PBXTargetDependency section */

/* Begin XCBuildConfiguration section */
		EE96132E2C2C08EF00CF3A1E /* Debug */ = {
			isa = XCBuildConfiguration;
			buildSettings = {
				ALWAYS_SEARCH_USER_PATHS = NO;
				ASSETCATALOG_COMPILER_GENERATE_SWIFT_ASSET_SYMBOL_EXTENSIONS = YES;
				CLANG_ANALYZER_NONNULL = YES;
				CLANG_ANALYZER_NUMBER_OBJECT_CONVERSION = YES_AGGRESSIVE;
				CLANG_CXX_LANGUAGE_STANDARD = "gnu++20";
				CLANG_ENABLE_MODULES = YES;
				CLANG_ENABLE_OBJC_ARC = YES;
				CLANG_ENABLE_OBJC_WEAK = YES;
				CLANG_WARN_BLOCK_CAPTURE_AUTORELEASING = YES;
				CLANG_WARN_BOOL_CONVERSION = YES;
				CLANG_WARN_COMMA = YES;
				CLANG_WARN_CONSTANT_CONVERSION = YES;
				CLANG_WARN_DEPRECATED_OBJC_IMPLEMENTATIONS = YES;
				CLANG_WARN_DIRECT_OBJC_ISA_USAGE = YES_ERROR;
				CLANG_WARN_DOCUMENTATION_COMMENTS = YES;
				CLANG_WARN_EMPTY_BODY = YES;
				CLANG_WARN_ENUM_CONVERSION = YES;
				CLANG_WARN_INFINITE_RECURSION = YES;
				CLANG_WARN_INT_CONVERSION = YES;
				CLANG_WARN_NON_LITERAL_NULL_CONVERSION = YES;
				CLANG_WARN_OBJC_IMPLICIT_RETAIN_SELF = YES;
				CLANG_WARN_OBJC_LITERAL_CONVERSION = YES;
				CLANG_WARN_OBJC_ROOT_CLASS = YES_ERROR;
				CLANG_WARN_QUOTED_INCLUDE_IN_FRAMEWORK_HEADER = YES;
				CLANG_WARN_RANGE_LOOP_ANALYSIS = YES;
				CLANG_WARN_STRICT_PROTOTYPES = YES;
				CLANG_WARN_SUSPICIOUS_MOVE = YES;
				CLANG_WARN_UNGUARDED_AVAILABILITY = YES_AGGRESSIVE;
				CLANG_WARN_UNREACHABLE_CODE = YES;
				CLANG_WARN__DUPLICATE_METHOD_MATCH = YES;
				COPY_PHASE_STRIP = NO;
				DEBUG_INFORMATION_FORMAT = dwarf;
				ENABLE_STRICT_OBJC_MSGSEND = YES;
				ENABLE_TESTABILITY = YES;
				ENABLE_USER_SCRIPT_SANDBOXING = YES;
				GCC_C_LANGUAGE_STANDARD = gnu17;
				GCC_DYNAMIC_NO_PIC = NO;
				GCC_NO_COMMON_BLOCKS = YES;
				GCC_OPTIMIZATION_LEVEL = 0;
				GCC_PREPROCESSOR_DEFINITIONS = (
					"DEBUG=1",
					"$(inherited)",
				);
				GCC_WARN_64_TO_32_BIT_CONVERSION = YES;
				GCC_WARN_ABOUT_RETURN_TYPE = YES_ERROR;
				GCC_WARN_UNDECLARED_SELECTOR = YES;
				GCC_WARN_UNINITIALIZED_AUTOS = YES_AGGRESSIVE;
				GCC_WARN_UNUSED_FUNCTION = YES;
				GCC_WARN_UNUSED_VARIABLE = YES;
				IPHONEOS_DEPLOYMENT_TARGET = 17.5;
				LOCALIZATION_PREFERS_STRING_CATALOGS = YES;
				MTL_ENABLE_DEBUG_INFO = INCLUDE_SOURCE;
				MTL_FAST_MATH = YES;
				ONLY_ACTIVE_ARCH = YES;
				SDKROOT = iphoneos;
				SWIFT_ACTIVE_COMPILATION_CONDITIONS = "DEBUG $(inherited)";
				SWIFT_OPTIMIZATION_LEVEL = "-Onone";
			};
			name = Debug;
		};
		EE96132F2C2C08EF00CF3A1E /* Release */ = {
			isa = XCBuildConfiguration;
			buildSettings = {
				ALWAYS_SEARCH_USER_PATHS = NO;
				ASSETCATALOG_COMPILER_GENERATE_SWIFT_ASSET_SYMBOL_EXTENSIONS = YES;
				CLANG_ANALYZER_NONNULL = YES;
				CLANG_ANALYZER_NUMBER_OBJECT_CONVERSION = YES_AGGRESSIVE;
				CLANG_CXX_LANGUAGE_STANDARD = "gnu++20";
				CLANG_ENABLE_MODULES = YES;
				CLANG_ENABLE_OBJC_ARC = YES;
				CLANG_ENABLE_OBJC_WEAK = YES;
				CLANG_WARN_BLOCK_CAPTURE_AUTORELEASING = YES;
				CLANG_WARN_BOOL_CONVERSION = YES;
				CLANG_WARN_COMMA = YES;
				CLANG_WARN_CONSTANT_CONVERSION = YES;
				CLANG_WARN_DEPRECATED_OBJC_IMPLEMENTATIONS = YES;
				CLANG_WARN_DIRECT_OBJC_ISA_USAGE = YES_ERROR;
				CLANG_WARN_DOCUMENTATION_COMMENTS = YES;
				CLANG_WARN_EMPTY_BODY = YES;
				CLANG_WARN_ENUM_CONVERSION = YES;
				CLANG_WARN_INFINITE_RECURSION = YES;
				CLANG_WARN_INT_CONVERSION = YES;
				CLANG_WARN_NON_LITERAL_NULL_CONVERSION = YES;
				CLANG_WARN_OBJC_IMPLICIT_RETAIN_SELF = YES;
				CLANG_WARN_OBJC_LITERAL_CONVERSION = YES;
				CLANG_WARN_OBJC_ROOT_CLASS = YES_ERROR;
				CLANG_WARN_QUOTED_INCLUDE_IN_FRAMEWORK_HEADER = YES;
				CLANG_WARN_RANGE_LOOP_ANALYSIS = YES;
				CLANG_WARN_STRICT_PROTOTYPES = YES;
				CLANG_WARN_SUSPICIOUS_MOVE = YES;
				CLANG_WARN_UNGUARDED_AVAILABILITY = YES_AGGRESSIVE;
				CLANG_WARN_UNREACHABLE_CODE = YES;
				CLANG_WARN__DUPLICATE_METHOD_MATCH = YES;
				COPY_PHASE_STRIP = NO;
				DEBUG_INFORMATION_FORMAT = "dwarf-with-dsym";
				ENABLE_NS_ASSERTIONS = NO;
				ENABLE_STRICT_OBJC_MSGSEND = YES;
				ENABLE_USER_SCRIPT_SANDBOXING = YES;
				GCC_C_LANGUAGE_STANDARD = gnu17;
				GCC_NO_COMMON_BLOCKS = YES;
				GCC_WARN_64_TO_32_BIT_CONVERSION = YES;
				GCC_WARN_ABOUT_RETURN_TYPE = YES_ERROR;
				GCC_WARN_UNDECLARED_SELECTOR = YES;
				GCC_WARN_UNINITIALIZED_AUTOS = YES_AGGRESSIVE;
				GCC_WARN_UNUSED_FUNCTION = YES;
				GCC_WARN_UNUSED_VARIABLE = YES;
				IPHONEOS_DEPLOYMENT_TARGET = 17.5;
				LOCALIZATION_PREFERS_STRING_CATALOGS = YES;
				MTL_ENABLE_DEBUG_INFO = NO;
				MTL_FAST_MATH = YES;
				SDKROOT = iphoneos;
				SWIFT_COMPILATION_MODE = wholemodule;
				VALIDATE_PRODUCT = YES;
			};
			name = Release;
		};
		EE9613312C2C08EF00CF3A1E /* Debug */ = {
			isa = XCBuildConfiguration;
			buildSettings = {
				ASSETCATALOG_COMPILER_APPICON_NAME = AppIcon;
				ASSETCATALOG_COMPILER_GLOBAL_ACCENT_COLOR_NAME = AccentColor;
				CODE_SIGN_STYLE = Automatic;
				CURRENT_PROJECT_VERSION = 1;
				DEVELOPMENT_ASSET_PATHS = "\"NetworkManagerPractice/Preview Content\"";
				DEVELOPMENT_TEAM = 53JP7T2TYF;
				ENABLE_PREVIEWS = YES;
				GENERATE_INFOPLIST_FILE = YES;
				INFOPLIST_KEY_UIApplicationSceneManifest_Generation = YES;
				INFOPLIST_KEY_UIApplicationSupportsIndirectInputEvents = YES;
				INFOPLIST_KEY_UILaunchScreen_Generation = YES;
				INFOPLIST_KEY_UISupportedInterfaceOrientations_iPad = "UIInterfaceOrientationPortrait UIInterfaceOrientationPortraitUpsideDown UIInterfaceOrientationLandscapeLeft UIInterfaceOrientationLandscapeRight";
				INFOPLIST_KEY_UISupportedInterfaceOrientations_iPhone = "UIInterfaceOrientationPortrait UIInterfaceOrientationLandscapeLeft UIInterfaceOrientationLandscapeRight";
				LD_RUNPATH_SEARCH_PATHS = (
					"$(inherited)",
					"@executable_path/Frameworks",
				);
				MARKETING_VERSION = 1.0;
				PRODUCT_BUNDLE_IDENTIFIER = com.Jackie.NetworkManagerPractice;
				PRODUCT_NAME = "$(TARGET_NAME)";
				SWIFT_EMIT_LOC_STRINGS = YES;
				SWIFT_VERSION = 5.0;
				TARGETED_DEVICE_FAMILY = "1,2";
			};
			name = Debug;
		};
		EE9613322C2C08EF00CF3A1E /* Release */ = {
			isa = XCBuildConfiguration;
			buildSettings = {
				ASSETCATALOG_COMPILER_APPICON_NAME = AppIcon;
				ASSETCATALOG_COMPILER_GLOBAL_ACCENT_COLOR_NAME = AccentColor;
				CODE_SIGN_STYLE = Automatic;
				CURRENT_PROJECT_VERSION = 1;
				DEVELOPMENT_ASSET_PATHS = "\"NetworkManagerPractice/Preview Content\"";
				DEVELOPMENT_TEAM = 53JP7T2TYF;
				ENABLE_PREVIEWS = YES;
				GENERATE_INFOPLIST_FILE = YES;
				INFOPLIST_KEY_UIApplicationSceneManifest_Generation = YES;
				INFOPLIST_KEY_UIApplicationSupportsIndirectInputEvents = YES;
				INFOPLIST_KEY_UILaunchScreen_Generation = YES;
				INFOPLIST_KEY_UISupportedInterfaceOrientations_iPad = "UIInterfaceOrientationPortrait UIInterfaceOrientationPortraitUpsideDown UIInterfaceOrientationLandscapeLeft UIInterfaceOrientationLandscapeRight";
				INFOPLIST_KEY_UISupportedInterfaceOrientations_iPhone = "UIInterfaceOrientationPortrait UIInterfaceOrientationLandscapeLeft UIInterfaceOrientationLandscapeRight";
				LD_RUNPATH_SEARCH_PATHS = (
					"$(inherited)",
					"@executable_path/Frameworks",
				);
				MARKETING_VERSION = 1.0;
				PRODUCT_BUNDLE_IDENTIFIER = com.Jackie.NetworkManagerPractice;
				PRODUCT_NAME = "$(TARGET_NAME)";
				SWIFT_EMIT_LOC_STRINGS = YES;
				SWIFT_VERSION = 5.0;
				TARGETED_DEVICE_FAMILY = "1,2";
			};
			name = Release;
		};
		EEC518042C2CF3DA009CC5EC /* Debug */ = {
			isa = XCBuildConfiguration;
			buildSettings = {
				BUNDLE_LOADER = "$(TEST_HOST)";
				CODE_SIGN_STYLE = Automatic;
				CURRENT_PROJECT_VERSION = 1;
				DEVELOPMENT_TEAM = 53JP7T2TYF;
				GENERATE_INFOPLIST_FILE = YES;
				IPHONEOS_DEPLOYMENT_TARGET = 17.5;
				MACOSX_DEPLOYMENT_TARGET = 14.5;
				MARKETING_VERSION = 1.0;
				PRODUCT_BUNDLE_IDENTIFIER = com.Jackie.NetworkManagerPracticeTests;
				PRODUCT_NAME = "$(TARGET_NAME)";
				SDKROOT = auto;
				SUPPORTED_PLATFORMS = "iphoneos iphonesimulator macosx";
				SWIFT_EMIT_LOC_STRINGS = NO;
				SWIFT_VERSION = 5.0;
				TARGETED_DEVICE_FAMILY = "1,2";
				TEST_HOST = "$(BUILT_PRODUCTS_DIR)/NetworkManagerPractice.app/$(BUNDLE_EXECUTABLE_FOLDER_PATH)/NetworkManagerPractice";
			};
			name = Debug;
		};
		EEC518052C2CF3DA009CC5EC /* Release */ = {
			isa = XCBuildConfiguration;
			buildSettings = {
				BUNDLE_LOADER = "$(TEST_HOST)";
				CODE_SIGN_STYLE = Automatic;
				CURRENT_PROJECT_VERSION = 1;
				DEVELOPMENT_TEAM = 53JP7T2TYF;
				GENERATE_INFOPLIST_FILE = YES;
				IPHONEOS_DEPLOYMENT_TARGET = 17.5;
				MACOSX_DEPLOYMENT_TARGET = 14.5;
				MARKETING_VERSION = 1.0;
				PRODUCT_BUNDLE_IDENTIFIER = com.Jackie.NetworkManagerPracticeTests;
				PRODUCT_NAME = "$(TARGET_NAME)";
				SDKROOT = auto;
				SUPPORTED_PLATFORMS = "iphoneos iphonesimulator macosx";
				SWIFT_EMIT_LOC_STRINGS = NO;
				SWIFT_VERSION = 5.0;
				TARGETED_DEVICE_FAMILY = "1,2";
				TEST_HOST = "$(BUILT_PRODUCTS_DIR)/NetworkManagerPractice.app/$(BUNDLE_EXECUTABLE_FOLDER_PATH)/NetworkManagerPractice";
			};
			name = Release;
		};
/* End XCBuildConfiguration section */

/* Begin XCConfigurationList section */
		EE96131D2C2C08EE00CF3A1E /* Build configuration list for PBXProject "NetworkManagerPractice" */ = {
			isa = XCConfigurationList;
			buildConfigurations = (
				EE96132E2C2C08EF00CF3A1E /* Debug */,
				EE96132F2C2C08EF00CF3A1E /* Release */,
			);
			defaultConfigurationIsVisible = 0;
			defaultConfigurationName = Release;
		};
		EE9613302C2C08EF00CF3A1E /* Build configuration list for PBXNativeTarget "NetworkManagerPractice" */ = {
			isa = XCConfigurationList;
			buildConfigurations = (
				EE9613312C2C08EF00CF3A1E /* Debug */,
				EE9613322C2C08EF00CF3A1E /* Release */,
			);
			defaultConfigurationIsVisible = 0;
			defaultConfigurationName = Release;
		};
		EEC518062C2CF3DA009CC5EC /* Build configuration list for PBXNativeTarget "NetworkManagerPracticeTests" */ = {
			isa = XCConfigurationList;
			buildConfigurations = (
				EEC518042C2CF3DA009CC5EC /* Debug */,
				EEC518052C2CF3DA009CC5EC /* Release */,
			);
			defaultConfigurationIsVisible = 0;
			defaultConfigurationName = Release;
		};
/* End XCConfigurationList section */
	};
	rootObject = EE96131A2C2C08EE00CF3A1E /* Project object */;
}
